
Microsoft Visual Studio Solution File, Format Version 12.00
# Visual Studio Version 17
VisualStudioVersion = 17.5.002.0
MinimumVisualStudioVersion = 10.0.40219.1
Project("{2150E333-8FDC-42A3-9474-1A3956D46DE8}") = "csharp-hello_world", "csharp-hello_world", "{09402523-9610-4171-AC8B-1BB904B55A85}"
EndProject
Project("{9A19103F-16F7-4668-BE54-9A1E7A4F7556}") = "3-writeline", "csharp-hello_world\3-writeline\3-writeline.csproj", "{42D437AD-7354-45B4-BDFC-79BB99E67E23}"
EndProject
Global
	GlobalSection(SolutionConfigurationPlatforms) = preSolution
		Debug|Any CPU = Debug|Any CPU
		Release|Any CPU = Release|Any CPU
	EndGlobalSection
	GlobalSection(ProjectConfigurationPlatforms) = postSolution
		{42D437AD-7354-45B4-BDFC-79BB99E67E23}.Debug|Any CPU.ActiveCfg = Debug|Any CPU
		{42D437AD-7354-45B4-BDFC-79BB99E67E23}.Debug|Any CPU.Build.0 = Debug|Any CPU
		{42D437AD-7354-45B4-BDFC-79BB99E67E23}.Release|Any CPU.ActiveCfg = Release|Any CPU
		{42D437AD-7354-45B4-BDFC-79BB99E67E23}.Release|Any CPU.Build.0 = Release|Any CPU
	EndGlobalSection
	GlobalSection(SolutionProperties) = preSolution
		HideSolutionNode = FALSE
	EndGlobalSection
	GlobalSection(NestedProjects) = preSolution
		{42D437AD-7354-45B4-BDFC-79BB99E67E23} = {09402523-9610-4171-AC8B-1BB904B55A85}
	EndGlobalSection
	GlobalSection(ExtensibilityGlobals) = postSolution
		SolutionGuid = {88E9D8B8-510A-4E65-8937-397C6C97EE1D}
	EndGlobalSection
EndGlobal
